
Microsoft Visual Studio Solution File, Format Version 12.00
# Visual Studio Version 17
VisualStudioVersion = 17.8.34601.278
MinimumVisualStudioVersion = 10.0.40219.1
Project("{9A19103F-16F7-4668-BE54-9A1E7A4F7556}") = "SmartChef", "SmartChef.csproj", "{1388F892-B0E5-4E2A-996B-A2C7A60B5AC3}"
EndProject
Global
	GlobalSection(SolutionConfigurationPlatforms) = preSolution
		Debug|Any CPU = Debug|Any CPU
		Release|Any CPU = Release|Any CPU
	EndGlobalSection
	GlobalSection(ProjectConfigurationPlatforms) = postSolution
		{1388F892-B0E5-4E2A-996B-A2C7A60B5AC3}.Debug|Any CPU.ActiveCfg = Debug|Any CPU
		{1388F892-B0E5-4E2A-996B-A2C7A60B5AC3}.Debug|Any CPU.Build.0 = Debug|Any CPU
		{1388F892-B0E5-4E2A-996B-A2C7A60B5AC3}.Release|Any CPU.ActiveCfg = Release|Any CPU
		{1388F892-B0E5-4E2A-996B-A2C7A60B5AC3}.Release|Any CPU.Build.0 = Release|Any CPU
	EndGlobalSection
	GlobalSection(SolutionProperties) = preSolution
		HideSolutionNode = FALSE
	EndGlobalSection
	GlobalSection(ExtensibilityGlobals) = postSolution
		SolutionGuid = {701D84E9-8DBB-4FA5-8B89-D7A1F1981768}
	EndGlobalSection
EndGlobal
